
Microsoft Visual Studio Solution File, Format Version 12.00
# Visual Studio Version 17
VisualStudioVersion = 17.5.33516.290
MinimumVisualStudioVersion = 10.0.40219.1
Project("{FAE04EC0-301F-11D3-BF4B-00C04F79EFBC}") = "Test1", "Test1\Test1.csproj", "{98920C7F-8D5C-4BCE-8C36-2727395C4347}"
EndProject
Global
	GlobalSection(SolutionConfigurationPlatforms) = preSolution
		Debug|Any CPU = Debug|Any CPU
		Release|Any CPU = Release|Any CPU
	EndGlobalSection
	GlobalSection(ProjectConfigurationPlatforms) = postSolution
		{98920C7F-8D5C-4BCE-8C36-2727395C4347}.Debug|Any CPU.ActiveCfg = Debug|Any CPU
		{98920C7F-8D5C-4BCE-8C36-2727395C4347}.Debug|Any CPU.Build.0 = Debug|Any CPU
		{98920C7F-8D5C-4BCE-8C36-2727395C4347}.Release|Any CPU.ActiveCfg = Release|Any CPU
		{98920C7F-8D5C-4BCE-8C36-2727395C4347}.Release|Any CPU.Build.0 = Release|Any CPU
	EndGlobalSection
	GlobalSection(SolutionProperties) = preSolution
		HideSolutionNode = FALSE
	EndGlobalSection
	GlobalSection(ExtensibilityGlobals) = postSolution
		SolutionGuid = {7867EC3F-6AFD-45FA-85F3-93D0B13C1E90}
	EndGlobalSection
EndGlobal
